PODS:
  - Capacitor (7.4.4):
    - CapacitorCordova
  - CapacitorBrowser (7.0.3):
    - Capacitor
  - CapacitorCommunityAppleSignIn (7.1.0):
    - Capacitor
  - CapacitorCordova (7.4.4)
  - CapacitorLocalNotifications (7.0.3):
    - Capacitor
  - CapacitorPushNotifications (7.0.3):
    - Capacitor
  - PurchasesHybridCommon (17.19.1):
    - RevenueCat (= 5.48.0)
  - PurchasesHybridCommonUI (17.19.1):
    - PurchasesHybridCommon (= 17.19.1)
    - RevenueCatUI (= 5.48.0)
  - RevenueCat (5.48.0)
  - RevenuecatPurchasesCapacitor (11.2.15):
    - Capacitor
    - PurchasesHybridCommon (= 17.19.1)
  - RevenuecatPurchasesCapacitorUi (11.2.15):
    - Capacitor
    - PurchasesHybridCommonUI (= 17.19.1)
  - RevenueCatUI (5.48.0):
    - RevenueCat (= 5.48.0)

DEPENDENCIES:
  - "Capacitor (from `../../node_modules/@capacitor/ios`)"
  - "CapacitorBrowser (from `../../node_modules/@capacitor/browser`)"
  - "CapacitorCommunityAppleSignIn (from `../../node_modules/@capacitor-community/apple-sign-in`)"
  - "CapacitorCordova (from `../../node_modules/@capacitor/ios`)"
  - "CapacitorLocalNotifications (from `../../node_modules/@capacitor/local-notifications`)"
  - "CapacitorPushNotifications (from `../../node_modules/@capacitor/push-notifications`)"
  - "RevenuecatPurchasesCapacitor (from `../../node_modules/@revenuecat/purchases-capacitor`)"
  - "RevenuecatPurchasesCapacitorUi (from `../../node_modules/@revenuecat/purchases-capacitor-ui`)"

SPEC REPOS:
  trunk:
    - PurchasesHybridCommon
    - PurchasesHybridCommonUI
    - RevenueCat
    - RevenueCatUI

EXTERNAL SOURCES:
  Capacitor:
    :path: "../../node_modules/@capacitor/ios"
  CapacitorBrowser:
    :path: "../../node_modules/@capacitor/browser"
  CapacitorCommunityAppleSignIn:
    :path: "../../node_modules/@capacitor-community/apple-sign-in"
  CapacitorCordova:
    :path: "../../node_modules/@capacitor/ios"
  CapacitorLocalNotifications:
    :path: "../../node_modules/@capacitor/local-notifications"
  CapacitorPushNotifications:
    :path: "../../node_modules/@capacitor/push-notifications"
  RevenuecatPurchasesCapacitor:
    :path: "../../node_modules/@revenuecat/purchases-capacitor"
  RevenuecatPurchasesCapacitorUi:
    :path: "../../node_modules/@revenuecat/purchases-capacitor-ui"

SPEC CHECKSUMS:
  Capacitor: 358dd1c3fdd71d969547b17e159fd8a7736cb45f
  CapacitorBrowser: b98aa3db018a2ce4c68242d27e596c344f3b81b3
  CapacitorCommunityAppleSignIn: 271cb2860576fd2961508bbfa7a82117d93eadca
  CapacitorCordova: bf648a636f3c153f652d312ae145fb508b6ffced
  CapacitorLocalNotifications: 0811aef56ab2e5f7f9ae72f47d3473ab50c29038
  CapacitorPushNotifications: bdd621fbd562be34a41f4a7b1750efa000447d5a
  PurchasesHybridCommon: a4837eebc889b973668af685d6c23b89a038461d
  PurchasesHybridCommonUI: bf5566763f906429584534a117a7862537b92c0c
  RevenueCat: 1e61140a343a77dc286f171b3ffab99ca09a4b57
  RevenuecatPurchasesCapacitor: 2c14f8cccaa2100a8585e75bec5984a62ccae52c
  RevenuecatPurchasesCapacitorUi: a9593c2b69256088a0b855b2b6d33ca9d5c3f8b8
  RevenueCatUI: 625b2b2f4ee8c052d2e9939c2b906cdaecded253

PODFILE CHECKSUM: b0dd0161937d9ae58a554249ca1b49148fed2fc3

COCOAPODS: 1.16.2
